
Microsoft Visual Studio Solution File, Format Version 12.00
# Visual Studio Version 16
VisualStudioVersion = 16.0.32802.440
MinimumVisualStudioVersion = 10.0.40219.1
Project("{FAE04EC0-301F-11D3-BF4B-00C04F79EFBC}") = "WebsiteJob.Common", "WebsiteJob.Common\WebsiteJob.Common.csproj", "{651D36FE-F5F0-4BE1-BCEF-0878C3D65C1E}"
EndProject
Project("{FAE04EC0-301F-11D3-BF4B-00C04F79EFBC}") = "WebsiteJob.Data", "WebsiteJob.Data\WebsiteJob.Data.csproj", "{9E0EE323-C847-4460-A4AE-8EA3624440A2}"
EndProject
Project("{FAE04EC0-301F-11D3-BF4B-00C04F79EFBC}") = "WebsiteJob.Model", "WebsiteJob.Model\WebsiteJob.Model.csproj", "{27D53DE3-DC34-4CB9-B13A-9507385D1691}"
EndProject
Project("{FAE04EC0-301F-11D3-BF4B-00C04F79EFBC}") = "WebsiteJob.Service", "WebsiteJob.Service\WebsiteJob.Service.csproj", "{4630BCC6-B139-40EC-864B-54BACEBD753F}"
EndProject
Project("{FAE04EC0-301F-11D3-BF4B-00C04F79EFBC}") = "WebsiteJob.Web", "WebsiteJob.Web\WebsiteJob.Web.csproj", "{FA9E9F3A-78F4-42D8-A74D-B101FDF95DEC}"
EndProject
Project("{FAE04EC0-301F-11D3-BF4B-00C04F79EFBC}") = "WebsiteJob.Web.Tests", "WebsiteJob.Web.Tests\WebsiteJob.Web.Tests.csproj", "{697421ED-80DF-4CB5-8DBC-5E2DF29127B7}"
EndProject
Global
	GlobalSection(SolutionConfigurationPlatforms) = preSolution
		Debug|Any CPU = Debug|Any CPU
		Release|Any CPU = Release|Any CPU
	EndGlobalSection
	GlobalSection(ProjectConfigurationPlatforms) = postSolution
		{651D36FE-F5F0-4BE1-BCEF-0878C3D65C1E}.Debug|Any CPU.ActiveCfg = Debug|Any CPU
		{651D36FE-F5F0-4BE1-BCEF-0878C3D65C1E}.Debug|Any CPU.Build.0 = Debug|Any CPU
		{651D36FE-F5F0-4BE1-BCEF-0878C3D65C1E}.Release|Any CPU.ActiveCfg = Release|Any CPU
		{651D36FE-F5F0-4BE1-BCEF-0878C3D65C1E}.Release|Any CPU.Build.0 = Release|Any CPU
		{9E0EE323-C847-4460-A4AE-8EA3624440A2}.Debug|Any CPU.ActiveCfg = Debug|Any CPU
		{9E0EE323-C847-4460-A4AE-8EA3624440A2}.Debug|Any CPU.Build.0 = Debug|Any CPU
		{9E0EE323-C847-4460-A4AE-8EA3624440A2}.Release|Any CPU.ActiveCfg = Release|Any CPU
		{9E0EE323-C847-4460-A4AE-8EA3624440A2}.Release|Any CPU.Build.0 = Release|Any CPU
		{27D53DE3-DC34-4CB9-B13A-9507385D1691}.Debug|Any CPU.ActiveCfg = Debug|Any CPU
		{27D53DE3-DC34-4CB9-B13A-9507385D1691}.Debug|Any CPU.Build.0 = Debug|Any CPU
		{27D53DE3-DC34-4CB9-B13A-9507385D1691}.Release|Any CPU.ActiveCfg = Release|Any CPU
		{27D53DE3-DC34-4CB9-B13A-9507385D1691}.Release|Any CPU.Build.0 = Release|Any CPU
		{4630BCC6-B139-40EC-864B-54BACEBD753F}.Debug|Any CPU.ActiveCfg = Debug|Any CPU
		{4630BCC6-B139-40EC-864B-54BACEBD753F}.Debug|Any CPU.Build.0 = Debug|Any CPU
		{4630BCC6-B139-40EC-864B-54BACEBD753F}.Release|Any CPU.ActiveCfg = Release|Any CPU
		{4630BCC6-B139-40EC-864B-54BACEBD753F}.Release|Any CPU.Build.0 = Release|Any CPU
		{FA9E9F3A-78F4-42D8-A74D-B101FDF95DEC}.Debug|Any CPU.ActiveCfg = Debug|Any CPU
		{FA9E9F3A-78F4-42D8-A74D-B101FDF95DEC}.Debug|Any CPU.Build.0 = Debug|Any CPU
		{FA9E9F3A-78F4-42D8-A74D-B101FDF95DEC}.Release|Any CPU.ActiveCfg = Release|Any CPU
		{FA9E9F3A-78F4-42D8-A74D-B101FDF95DEC}.Release|Any CPU.Build.0 = Release|Any CPU
		{697421ED-80DF-4CB5-8DBC-5E2DF29127B7}.Debug|Any CPU.ActiveCfg = Debug|Any CPU
		{697421ED-80DF-4CB5-8DBC-5E2DF29127B7}.Debug|Any CPU.Build.0 = Debug|Any CPU
		{697421ED-80DF-4CB5-8DBC-5E2DF29127B7}.Release|Any CPU.ActiveCfg = Release|Any CPU
		{697421ED-80DF-4CB5-8DBC-5E2DF29127B7}.Release|Any CPU.Build.0 = Release|Any CPU
	EndGlobalSection
	GlobalSection(SolutionProperties) = preSolution
		HideSolutionNode = FALSE
	EndGlobalSection
	GlobalSection(ExtensibilityGlobals) = postSolution
		SolutionGuid = {D270D741-2EFF-45DA-8767-DA81B87B3818}
	EndGlobalSection
EndGlobal
